
Microsoft Visual Studio Solution File, Format Version 12.00
# Visual Studio Version 17
VisualStudioVersion = 17.4.33213.308
MinimumVisualStudioVersion = 10.0.40219.1
Project("{FAE04EC0-301F-11D3-BF4B-00C04F79EFBC}") = "InterfaceProject", "InterfaceProject\InterfaceProject.csproj", "{6711E7C7-62F2-4915-A85D-1DF34B84CC4B}"
EndProject
Global
	GlobalSection(SolutionConfigurationPlatforms) = preSolution
		Debug|Any CPU = Debug|Any CPU
		Release|Any CPU = Release|Any CPU
	EndGlobalSection
	GlobalSection(ProjectConfigurationPlatforms) = postSolution
		{6711E7C7-62F2-4915-A85D-1DF34B84CC4B}.Debug|Any CPU.ActiveCfg = Debug|Any CPU
		{6711E7C7-62F2-4915-A85D-1DF34B84CC4B}.Debug|Any CPU.Build.0 = Debug|Any CPU
		{6711E7C7-62F2-4915-A85D-1DF34B84CC4B}.Release|Any CPU.ActiveCfg = Release|Any CPU
		{6711E7C7-62F2-4915-A85D-1DF34B84CC4B}.Release|Any CPU.Build.0 = Release|Any CPU
	EndGlobalSection
	GlobalSection(SolutionProperties) = preSolution
		HideSolutionNode = FALSE
	EndGlobalSection
	GlobalSection(ExtensibilityGlobals) = postSolution
		SolutionGuid = {F1558978-D23A-49C2-A3E9-2D7D63595B84}
	EndGlobalSection
EndGlobal
