
Microsoft Visual Studio Solution File, Format Version 12.00
# Visual Studio Version 17
VisualStudioVersion = 17.4.33110.190
MinimumVisualStudioVersion = 10.0.40219.1
Project("{FAE04EC0-301F-11D3-BF4B-00C04F79EFBC}") = "XML_Serialize", "XML_Serialize\XML_Serialize.csproj", "{525B217E-03BD-4CD1-A2B9-CC3A34E86A68}"
EndProject
Global
	GlobalSection(SolutionConfigurationPlatforms) = preSolution
		Debug|Any CPU = Debug|Any CPU
		Release|Any CPU = Release|Any CPU
	EndGlobalSection
	GlobalSection(ProjectConfigurationPlatforms) = postSolution
		{525B217E-03BD-4CD1-A2B9-CC3A34E86A68}.Debug|Any CPU.ActiveCfg = Debug|Any CPU
		{525B217E-03BD-4CD1-A2B9-CC3A34E86A68}.Debug|Any CPU.Build.0 = Debug|Any CPU
		{525B217E-03BD-4CD1-A2B9-CC3A34E86A68}.Release|Any CPU.ActiveCfg = Release|Any CPU
		{525B217E-03BD-4CD1-A2B9-CC3A34E86A68}.Release|Any CPU.Build.0 = Release|Any CPU
	EndGlobalSection
	GlobalSection(SolutionProperties) = preSolution
		HideSolutionNode = FALSE
	EndGlobalSection
	GlobalSection(ExtensibilityGlobals) = postSolution
		SolutionGuid = {D7E2F99B-EA61-4FAC-8090-BF21041C29FE}
	EndGlobalSection
EndGlobal
